// !$*UTF8*$!
{
	archiveVersion = 1;
	classes = {
	};
	objectVersion = 48;
	objects = {

/* Begin PBXBuildFile section */
		A745B3C61FD2DFA20053FAC6 /* AppDelegate.swift in Sources */ = {isa = PBXBuildFile; fileRef = A745B3C51FD2DFA20053FAC6 /* AppDelegate.swift */; };
		A745B3C81FD2DFA20053FAC6 /* ViewController.swift in Sources */ = {isa = PBXBuildFile; fileRef = A745B3C71FD2DFA20053FAC6 /* ViewController.swift */; };
		A745B3CB1FD2DFA20053FAC6 /* Main.storyboard in Resources */ = {isa = PBXBuildFile; fileRef = A745B3C91FD2DFA20053FAC6 /* Main.storyboard */; };
		A745B3CD1FD2DFA20053FAC6 /* Assets.xcassets in Resources */ = {isa = PBXBuildFile; fileRef = A745B3CC1FD2DFA20053FAC6 /* Assets.xcassets */; };
		A745B3D01FD2DFA20053FAC6 /* LaunchScreen.storyboard in Resources */ = {isa = PBXBuildFile; fileRef = A745B3CE1FD2DFA20053FAC6 /* LaunchScreen.storyboard */; };
/* End PBXBuildFile section */

/* Begin PBXFileReference section */
		A745B3C21FD2DFA20053FAC6 /* gitbhubfp.app */ = {isa = PBXFileReference; explicitFileType = wrapper.application; includeInIndex = 0; path = gitbhubfp.app; sourceTree = BUILT_PRODUCTS_DIR; };
		A745B3C51FD2DFA20053FAC6 /* AppDelegate.swift */ = {isa = PBXFileReference; lastKnownFileType = sourcecode.swift; path = AppDelegate.swift; sourceTree = "<group>"; };
		A745B3C71FD2DFA20053FAC6 /* ViewController.swift */ = {isa = PBXFileReference; lastKnownFileType = sourcecode.swift; path = ViewController.swift; sourceTree = "<group>"; };
		A745B3CA1FD2DFA20053FAC6 /* Base */ = {isa = PBXFileReference; lastKnownFileType = file.storyboard; name = Base; path = Base.lproj/Main.storyboard; sourceTree = "<group>"; };
		A745B3CC1FD2DFA20053FAC6 /* Assets.xcassets */ = {isa = PBXFileReference; lastKnownFileType = folder.assetcatalog; path = Assets.xcassets; sourceTree = "<group>"; };
		A745B3CF1FD2DFA20053FAC6 /* Base */ = {isa = PBXFileReference; lastKnownFileType = file.storyboard; name = Base; path = Base.lproj/LaunchScreen.storyboard; sourceTree = "<group>"; };
		A745B3D11FD2DFA20053FAC6 /* Info.plist */ = {isa = PBXFileReference; lastKnownFileType = text.plist.xml; path = Info.plist; sourceTree = "<group>"; };
/* End PBXFileReference section */

/* Begin PBXFrameworksBuildPhase section */
		A745B3BF1FD2DFA20053FAC6 /* Frameworks */ = {
			isa = PBXFrameworksBuildPhase;
			buildActionMask = 2147483647;
			files = (
			);
			runOnlyForDeploymentPostprocessing = 0;
		};
/* End PBXFrameworksBuildPhase section */

/* Begin PBXGroup section */
		A745B3B91FD2DFA20053FAC6 = {
			isa = PBXGroup;
			children = (
				A745B3C41FD2DFA20053FAC6 /* gitbhubfp */,
				A745B3C31FD2DFA20053FAC6 /* Products */,
			);
			sourceTree = "<group>";
		};
		A745B3C31FD2DFA20053FAC6 /* Products */ = {
			isa = PBXGroup;
			children = (
				A745B3C21FD2DFA20053FAC6 /* gitbhubfp.app */,
			);
			name = Products;
			sourceTree = "<group>";
		};
		A745B3C41FD2DFA20053FAC6 /* gitbhubfp */ = {
			isa = PBXGroup;
			children = (
				A745B3C51FD2DFA20053FAC6 /* AppDelegate.swift */,
				A745B3C71FD2DFA20053FAC6 /* ViewController.swift */,
				A745B3C91FD2DFA20053FAC6 /* Main.storyboard */,
				A745B3CC1FD2DFA20053FAC6 /* Assets.xcassets */,
				A745B3CE1FD2DFA20053FAC6 /* LaunchScreen.storyboard */,
				A745B3D11FD2DFA20053FAC6 /* Info.plist */,
			);
			path = gitbhubfp;
			sourceTree = "<group>";
		};
/* End PBXGroup section */

/* Begin PBXNativeTarget section */
		A745B3C11FD2DFA20053FAC6 /* gitbhubfp */ = {
			isa = PBXNativeTarget;
			buildConfigurationList = A745B3D41FD2DFA20053FAC6 /* Build configuration list for PBXNativeTarget "gitbhubfp" */;
			buildPhases = (
				A745B3BE1FD2DFA20053FAC6 /* Sources */,
				A745B3BF1FD2DFA20053FAC6 /* Frameworks */,
				A745B3C01FD2DFA20053FAC6 /* Resources */,
			);
			buildRules = (
			);
			dependencies = (
			);
			name = gitbhubfp;
			productName = gitbhubfp;
			productReference = A745B3C21FD2DFA20053FAC6 /* gitbhubfp.app */;
			productType = "com.apple.product-type.application";
		};
/* End PBXNativeTarget section */

/* Begin PBXProject section */
		A745B3BA1FD2DFA20053FAC6 /* Project object */ = {
			isa = PBXProject;
			attributes = {
				LastSwiftUpdateCheck = 0910;
				LastUpgradeCheck = 0910;
				ORGANIZATIONNAME = "Vikas Arisela";
				TargetAttributes = {
					A745B3C11FD2DFA20053FAC6 = {
						CreatedOnToolsVersion = 9.1;
						ProvisioningStyle = Automatic;
					};
				};
			};
			buildConfigurationList = A745B3BD1FD2DFA20053FAC6 /* Build configuration list for PBXProject "gitbhubfp" */;
			compatibilityVersion = "Xcode 8.0";
			developmentRegion = en;
			hasScannedForEncodings = 0;
			knownRegions = (
				en,
				Base,
			);
			mainGroup = A745B3B91FD2DFA20053FAC6;
			productRefGroup = A745B3C31FD2DFA20053FAC6 /* Products */;
			projectDirPath = "";
			projectRoot = "";
			targets = (
				A745B3C11FD2DFA20053FAC6 /* gitbhubfp */,
			);
		};
/* End PBXProject section */

/* Begin PBXResourcesBuildPhase section */
		A745B3C01FD2DFA20053FAC6 /* Resources */ = {
			isa = PBXResourcesBuildPhase;
			buildActionMask = 2147483647;
			files = (
				A745B3D01FD2DFA20053FAC6 /* LaunchScreen.storyboard in Resources */,
				A745B3CD1FD2DFA20053FAC6 /* Assets.xcassets in Resources */,
				A745B3CB1FD2DFA20053FAC6 /* Main.storyboard in Resources */,
			);
			runOnlyForDeploymentPostprocessing = 0;
		};
/* End PBXResourcesBuildPhase section */

/* Begin PBXSourcesBuildPhase section */
		A745B3BE1FD2DFA20053FAC6 /* Sources */ = {
			isa = PBXSourcesBuildPhase;
			buildActionMask = 2147483647;
			files = (
				A745B3C81FD2DFA20053FAC6 /* ViewController.swift in Sources */,
				A745B3C61FD2DFA20053FAC6 /* AppDelegate.swift in Sources */,
			);
			runOnlyForDeploymentPostprocessing = 0;
		};
/* End PBXSourcesBuildPhase section */

/* Begin PBXVariantGroup section */
		A745B3C91FD2DFA20053FAC6 /* Main.storyboard */ = {
			isa = PBXVariantGroup;
			children = (
				A745B3CA1FD2DFA20053FAC6 /* Base */,
			);
			name = Main.storyboard;
			sourceTree = "<group>";
		};
		A745B3CE1FD2DFA20053FAC6 /* LaunchScreen.storyboard */ = {
			isa = PBXVariantGroup;
			children = (
				A745B3CF1FD2DFA20053FAC6 /* Base */,
			);
			name = LaunchScreen.storyboard;
			sourceTree = "<group>";
		};
/* End PBXVariantGroup section */

/* Begin XCBuildConfiguration section */
		A745B3D21FD2DFA20053FAC6 /* Debug */ = {
			isa = XCBuildConfiguration;
			buildSettings = {
				ALWAYS_SEARCH_USER_PATHS = NO;
				CLANG_ANALYZER_NONNULL = YES;
				CLANG_ANALYZER_NUMBER_OBJECT_CONVERSION = YES_AGGRESSIVE;
				CLANG_CXX_LANGUAGE_STANDARD = "gnu++14";
				CLANG_CXX_LIBRARY = "libc++";
				CLANG_ENABLE_MODULES = YES;
				CLANG_ENABLE_OBJC_ARC = YES;
				CLANG_WARN_BLOCK_CAPTURE_AUTORELEASING = YES;
				CLANG_WARN_BOOL_CONVERSION = YES;
				CLANG_WARN_COMMA = YES;
				CLANG_WARN_CONSTANT_CONVERSION = YES;
				CLANG_WARN_DIRECT_OBJC_ISA_USAGE = YES_ERROR;
				CLANG_WARN_DOCUMENTATION_COMMENTS = YES;
				CLANG_WARN_EMPTY_BODY = YES;
				CLANG_WARN_ENUM_CONVERSION = YES;
				CLANG_WARN_INFINITE_RECURSION = YES;
				CLANG_WARN_INT_CONVERSION = YES;
				CLANG_WARN_NON_LITERAL_NULL_CONVERSION = YES;
				CLANG_WARN_OBJC_LITERAL_CONVERSION = YES;
				CLANG_WARN_OBJC_ROOT_CLASS = YES_ERROR;
				CLANG_WARN_RANGE_LOOP_ANALYSIS = YES;
				CLANG_WARN_STRICT_PROTOTYPES = YES;
				CLANG_WARN_SUSPICIOUS_MOVE = YES;
				CLANG_WARN_UNGUARDED_AVAILABILITY = YES_AGGRESSIVE;
				CLANG_WARN_UNREACHABLE_CODE = YES;
				CLANG_WARN__DUPLICATE_METHOD_MATCH = YES;
				CODE_SIGN_IDENTITY = "iPhone Developer";
				COPY_PHASE_STRIP = NO;
				DEBUG_INFORMATION_FORMAT = dwarf;
				ENABLE_STRICT_OBJC_MSGSEND = YES;
				ENABLE_TESTABILITY = YES;
				GCC_C_LANGUAGE_STANDARD = gnu11;
				GCC_DYNAMIC_NO_PIC = NO;
				GCC_NO_COMMON_BLOCKS = YES;
				GCC_OPTIMIZATION_LEVEL = 0;
				GCC_PREPROCESSOR_DEFINITIONS = (
					"DEBUG=1",
					"$(inherited)",
				);
				GCC_WARN_64_TO_32_BIT_CONVERSION = YES;
				GCC_WARN_ABOUT_RETURN_TYPE = YES_ERROR;
				GCC_WARN_UNDECLARED_SELECTOR = YES;
				GCC_WARN_UNINITIALIZED_AUTOS = YES_AGGRESSIVE;
				GCC_WARN_UNUSED_FUNCTION = YES;
				GCC_WARN_UNUSED_VARIABLE = YES;
				IPHONEOS_DEPLOYMENT_TARGET = 11.1;
				MTL_ENABLE_DEBUG_INFO = YES;
				ONLY_ACTIVE_ARCH = YES;
				SDKROOT = iphoneos;
				SWIFT_ACTIVE_COMPILATION_CONDITIONS = DEBUG;
				SWIFT_OPTIMIZATION_LEVEL = "-Onone";
			};
			name = Debug;
		};
		A745B3D31FD2DFA20053FAC6 /* Release */ = {
			isa = XCBuildConfiguration;
			buildSettings = {
				ALWAYS_SEARCH_USER_PATHS = NO;
				CLANG_ANALYZER_NONNULL = YES;
				CLANG_ANALYZER_NUMBER_OBJECT_CONVERSION = YES_AGGRESSIVE;
				CLANG_CXX_LANGUAGE_STANDARD = "gnu++14";
				CLANG_CXX_LIBRARY = "libc++";
				CLANG_ENABLE_MODULES = YES;
				CLANG_ENABLE_OBJC_ARC = YES;
				CLANG_WARN_BLOCK_CAPTURE_AUTORELEASING = YES;
				CLANG_WARN_BOOL_CONVERSION = YES;
				CLANG_WARN_COMMA = YES;
				CLANG_WARN_CONSTANT_CONVERSION = YES;
				CLANG_WARN_DIRECT_OBJC_ISA_USAGE = YES_ERROR;
				CLANG_WARN_DOCUMENTATION_COMMENTS = YES;
				CLANG_WARN_EMPTY_BODY = YES;
				CLANG_WARN_ENUM_CONVERSION = YES;
				CLANG_WARN_INFINITE_RECURSION = YES;
				CLANG_WARN_INT_CONVERSION = YES;
				CLANG_WARN_NON_LITERAL_NULL_CONVERSION = YES;
				CLANG_WARN_OBJC_LITERAL_CONVERSION = YES;
				CLANG_WARN_OBJC_ROOT_CLASS = YES_ERROR;
				CLANG_WARN_RANGE_LOOP_ANALYSIS = YES;
				CLANG_WARN_STRICT_PROTOTYPES = YES;
				CLANG_WARN_SUSPICIOUS_MOVE = YES;
				CLANG_WARN_UNGUARDED_AVAILABILITY = YES_AGGRESSIVE;
				CLANG_WARN_UNREACHABLE_CODE = YES;
				CLANG_WARN__DUPLICATE_METHOD_MATCH = YES;
				CODE_SIGN_IDENTITY = "iPhone Developer";
				COPY_PHASE_STRIP = NO;
				DEBUG_INFORMATION_FORMAT = "dwarf-with-dsym";
				ENABLE_NS_ASSERTIONS = NO;
				ENABLE_STRICT_OBJC_MSGSEND = YES;
				GCC_C_LANGUAGE_STANDARD = gnu11;
				GCC_NO_COMMON_BLOCKS = YES;
				GCC_WARN_64_TO_32_BIT_CONVERSION = YES;
				GCC_WARN_ABOUT_RETURN_TYPE = YES_ERROR;
				GCC_WARN_UNDECLARED_SELECTOR = YES;
				GCC_WARN_UNINITIALIZED_AUTOS = YES_AGGRESSIVE;
				GCC_WARN_UNUSED_FUNCTION = YES;
				GCC_WARN_UNUSED_VARIABLE = YES;
				IPHONEOS_DEPLOYMENT_TARGET = 11.1;
				MTL_ENABLE_DEBUG_INFO = NO;
				SDKROOT = iphoneos;
				SWIFT_OPTIMIZATION_LEVEL = "-Owholemodule";
				VALIDATE_PRODUCT = YES;
			};
			name = Release;
		};
		A745B3D51FD2DFA20053FAC6 /* Debug */ = {
			isa = XCBuildConfiguration;
			buildSettings = {
				ASSETCATALOG_COMPILER_APPICON_NAME = AppIcon;
				CODE_SIGN_STYLE = Automatic;
				DEVELOPMENT_TEAM = 6QZTLNTWPH;
				INFOPLIST_FILE = gitbhubfp/Info.plist;
				LD_RUNPATH_SEARCH_PATHS = "$(inherited) @executable_path/Frameworks";
				PRODUCT_BUNDLE_IDENTIFIER = com.vikas.gitbhubfp;
				PRODUCT_NAME = "$(TARGET_NAME)";
				SWIFT_VERSION = 4.0;
				TARGETED_DEVICE_FAMILY = "1,2";
			};
			name = Debug;
		};
		A745B3D61FD2DFA20053FAC6 /* Release */ = {
			isa = XCBuildConfiguration;
			buildSettings = {
				ASSETCATALOG_COMPILER_APPICON_NAME = AppIcon;
				CODE_SIGN_STYLE = Automatic;
				DEVELOPMENT_TEAM = 6QZTLNTWPH;
				INFOPLIST_FILE = gitbhubfp/Info.plist;
				LD_RUNPATH_SEARCH_PATHS = "$(inherited) @executable_path/Frameworks";
				PRODUCT_BUNDLE_IDENTIFIER = com.vikas.gitbhubfp;
				PRODUCT_NAME = "$(TARGET_NAME)";
				SWIFT_VERSION = 4.0;
				TARGETED_DEVICE_FAMILY = "1,2";
			};
			name = Release;
		};
/* End XCBuildConfiguration section */

/* Begin XCConfigurationList section */
		A745B3BD1FD2DFA20053FAC6 /* Build configuration list for PBXProject "gitbhubfp" */ = {
			isa = XCConfigurationList;
			buildConfigurations = (
				A745B3D21FD2DFA20053FAC6 /* Debug */,
				A745B3D31FD2DFA20053FAC6 /* Release */,
			);
			defaultConfigurationIsVisible = 0;
			defaultConfigurationName = Release;
		};
		A745B3D41FD2DFA20053FAC6 /* Build configuration list for PBXNativeTarget "gitbhubfp" */ = {
			isa = XCConfigurationList;
			buildConfigurations = (
				A745B3D51FD2DFA20053FAC6 /* Debug */,
				A745B3D61FD2DFA20053FAC6 /* Release */,
			);
			defaultConfigurationIsVisible = 0;
			defaultConfigurationName = Release;
		};
/* End XCConfigurationList section */
	};
	rootObject = A745B3BA1FD2DFA20053FAC6 /* Project object */;
}
